github.com/advanced-go/core v0.0.0-20231222123707-4d00dcb14e7e h1:aF19UEtfX9GT0IxrdyXv1AyfUN2ahlutm05vNApNS+Q=
github.com/advanced-go/core v0.0.0-20231222123707-4d00dcb14e7e/go.mod h1:p58Ll2RUpEOeraoKxazyJpiPkWZelINYxxkcwCtwjUE=
github.com/advanced-go/core v0.0.0-20231222182539-be2c3a86a7c7 h1:bSJ/UuAmVV8eYMmvpeHGssriR/FzvsazyCkI70/ZQJ0=
github.com/advanced-go/core v0.0.0-20231222182539-be2c3a86a7c7/go.mod h1:p58Ll2RUpEOeraoKxazyJpiPkWZelINYxxkcwCtwjUE=
github.com/advanced-go/core v0.0.0-20231222200601-673d05ff557f h1:Frv5dJ8JRxTMA/h9OywZI1oXLhRuKE1NHadE5GUghcc=
github.com/advanced-go/core v0.0.0-20231222200601-673d05ff557f/go.mod h1:p58Ll2RUpEOeraoKxazyJpiPkWZelINYxxkcwCtwjUE=
github.com/advanced-go/example-domain v0.0.0-20231221175414-55ed792ef704 h1:7+jxz5jfjBod8OvMxeaAdHpTlNJaRXdHwabZWd9kPbY=
github.com/advanced-go/example-domain v0.0.0-20231221175414-55ed792ef704/go.mod h1:B9vVaeBnHR1IRS6+zduBtm7E+o0KgdDfpE+EryzJphM=
github.com/advanced-go/example-domain v0.0.0-20231222184851-e3d0ebb327f1 h1:qOHmMD2CZtm8hxewpQY6bGbMryALBzZmv2u0bm9Y+RY=
github.com/advanced-go/example-domain v0.0.0-20231222184851-e3d0ebb327f1/go.mod h1:zp4ufoObtcxns0wNcoGs2iZ9VMcjxZvmTi8l9kCccKI=
github.com/advanced-go/messaging v0.0.0-20231220192105-86c5cce95dc0 h1:AYEOLQoMsCpT/HTcJhpcetvpglDmJ+MCe1HCcXr0kC0=
github.com/advanced-go/messaging v0.0.0-20231220192105-86c5cce95dc0/go.mod h1:DonmYg8URk088g4ta+5bWRXT0x+h8RrVob+bnuvslFo=
github.com/advanced-go/messaging v0.0.0-20231222134422-12fcae1d1226/go.mod h1:cfB21rhO/6WgWJOH9RV+PRF2Xlxa5tHfaLtbDJG2TV0=
github.com/advanced-go/messaging v0.0.0-20231222183251-2961eaa57981 h1:YaTpDv7lf4JBGkvgSh7WjAfKqn4jUJf/383ZgiINF6A=
github.com/advanced-go/messaging v0.0.0-20231222183251-2961eaa57981/go.mod h1:UApViZpTpYSJn+tF5J3FzBg5GFb3/eske4Nn+aZvTAI=
github.com/advanced-go/messaging v0.0.0-20231225133917-831e9774238e h1:wn2A8QDpCl7T4mbFC0h6td2CgBRn/j4C27Enqs4oFY0=
github.com/advanced-go/messaging v0.0.0-20231225133917-831e9774238e/go.mod h1:UApViZpTpYSJn+tF5J3FzBg5GFb3/eske4Nn+aZvTAI=
github.com/advanced-go/postgresql v0.0.0-20231222185054-3047ff736169 h1:xHWFc0E2B+u/W7uxkjZZ9VfzpcyjgwzsJyOBDJlqD5s=
github.com/advanced-go/postgresql v0.0.0-20231222185054-3047ff736169/go.mod h1:/H8O8vHwJ9lG8GgNvzFssvOnCN3kXE5w9Pz7QmxpeNU=
github.com/google/uuid v1.4.0 h1:MtMxsa51/r9yyhkyLsVeVt0B+BGQZzpQiTQ4eHZ8bc4=
github.com/google/uuid v1.4.0/go.mod h1:TIyPZe4MgqvfeYDBFedMoGGpEw/LqOeaOT+nhxU+yHo=
